
Microsoft Visual Studio Solution File, Format Version 12.00
# Visual Studio Version 17
VisualStudioVersion = 17.11.35222.181
MinimumVisualStudioVersion = 10.0.40219.1
Project("{FAE04EC0-301F-11D3-BF4B-00C04F79EFBC}") = "cli_sara", "cli_sara\cli_sara.csproj", "{9C60F490-4660-4192-948C-54BD905BC2A1}"
EndProject
Global
	GlobalSection(SolutionConfigurationPlatforms) = preSolution
		Debug|Any CPU = Debug|Any CPU
		Release|Any CPU = Release|Any CPU
	EndGlobalSection
	GlobalSection(ProjectConfigurationPlatforms) = postSolution
		{9C60F490-4660-4192-948C-54BD905BC2A1}.Debug|Any CPU.ActiveCfg = Debug|Any CPU
		{9C60F490-4660-4192-948C-54BD905BC2A1}.Debug|Any CPU.Build.0 = Debug|Any CPU
		{9C60F490-4660-4192-948C-54BD905BC2A1}.Release|Any CPU.ActiveCfg = Release|Any CPU
		{9C60F490-4660-4192-948C-54BD905BC2A1}.Release|Any CPU.Build.0 = Release|Any CPU
	EndGlobalSection
	GlobalSection(SolutionProperties) = preSolution
		HideSolutionNode = FALSE
	EndGlobalSection
	GlobalSection(ExtensibilityGlobals) = postSolution
		SolutionGuid = {11795C25-23DE-4393-9B66-A2AE050E2044}
	EndGlobalSection
EndGlobal
